
Microsoft Visual Studio Solution File, Format Version 12.00
# Visual Studio Version 16
VisualStudioVersion = 16.0.29324.140
MinimumVisualStudioVersion = 10.0.40219.1
Project("{D954291E-2A0B-460D-934E-DC6B0785DB48}") = "SharedProject2", "SharedProject2\SharedProject2.shproj", "{EFC8A351-E71F-4156-B108-64C2F0288635}"
EndProject
Global
	GlobalSection(SharedMSBuildProjectFiles) = preSolution
		SharedProject2\SharedProject2.projitems*{efc8a351-e71f-4156-b108-64c2f0288635}*SharedItemsImports = 13
	EndGlobalSection
	GlobalSection(SolutionProperties) = preSolution
		HideSolutionNode = FALSE
	EndGlobalSection
	GlobalSection(ExtensibilityGlobals) = postSolution
		SolutionGuid = {5D86B62A-C1F0-4567-88FD-25A5E8FA8F36}
	EndGlobalSection
EndGlobal
